# This file is automatically @generated by Cargo.
# It is not intended for manual editing.
[[package]]
name = "cc"
version = "1.0.60"
source = "registry+https://github.com/rust-lang/crates.io-index"
checksum = "ef611cc68ff783f18535d77ddd080185275713d852c4f5cbb6122c462a7a825c"

[[package]]
name = "gcc"
version = "0.3.55"
source = "registry+https://github.com/rust-lang/crates.io-index"
checksum = "8f5f3913fa0bfe7ee1fd8248b6b9f42a5af4b9d65ec2dd2c3c26132b950ecfc2"

[[package]]
name = "hack-emulator"
version = "0.1.0"
dependencies = [
 "nfd",
 "olc_pixel_game_engine",
]

[[package]]
name = "nfd"
version = "0.0.4"
source = "registry+https://github.com/rust-lang/crates.io-index"
checksum = "8e752e3c216bc8a491c5b59fa46da10f1379ae450b19ac688e07f4bb55042e98"
dependencies = [
 "gcc",
]

[[package]]
name = "olc_pixel_game_engine"
version = "0.5.0"
source = "registry+https://github.com/rust-lang/crates.io-index"
checksum = "61a531308b2d28f774e8e75d9e02d056888f2122e31dbd7c69955419d564dbfe"
dependencies = [
 "cc",
]
